// !$*UTF8*$!
{
	archiveVersion = 1;
	classes = {
	};
	objectVersion = 55;
	objects = {

/* Begin PBXBuildFile section */
		9B246DB8281EF86A002ACFC8 /* SpaceXFanApplicationApp.swift in Sources */ = {isa = PBXBuildFile; fileRef = 9B246DB7281EF86A002ACFC8 /* SpaceXFanApplicationApp.swift */; };
		9B246DBA281EF86A002ACFC8 /* LoginView.swift in Sources */ = {isa = PBXBuildFile; fileRef = 9B246DB9281EF86A002ACFC8 /* LoginView.swift */; };
		9B246DBC281EF86B002ACFC8 /* Assets.xcassets in Resources */ = {isa = PBXBuildFile; fileRef = 9B246DBB281EF86B002ACFC8 /* Assets.xcassets */; };
		9B246DBF281EF86B002ACFC8 /* Preview Assets.xcassets in Resources */ = {isa = PBXBuildFile; fileRef = 9B246DBE281EF86B002ACFC8 /* Preview Assets.xcassets */; };
		9B246DC7281EF96B002ACFC8 /* GoogleService-Info.plist in Resources */ = {isa = PBXBuildFile; fileRef = 9B246DC6281EF96B002ACFC8 /* GoogleService-Info.plist */; };
		9B246DCA281EFB06002ACFC8 /* FirebaseAnalytics in Frameworks */ = {isa = PBXBuildFile; productRef = 9B246DC9281EFB06002ACFC8 /* FirebaseAnalytics */; };
		9B246DCC281EFB06002ACFC8 /* FirebaseAnalyticsSwift-Beta in Frameworks */ = {isa = PBXBuildFile; productRef = 9B246DCB281EFB06002ACFC8 /* FirebaseAnalyticsSwift-Beta */; };
		9B246DCE281EFB06002ACFC8 /* FirebaseAuth in Frameworks */ = {isa = PBXBuildFile; productRef = 9B246DCD281EFB06002ACFC8 /* FirebaseAuth */; };
		9B246DD0281EFB06002ACFC8 /* FirebaseCrashlytics in Frameworks */ = {isa = PBXBuildFile; productRef = 9B246DCF281EFB06002ACFC8 /* FirebaseCrashlytics */; };
		9B246DD2281EFB06002ACFC8 /* FirebaseDatabase in Frameworks */ = {isa = PBXBuildFile; productRef = 9B246DD1281EFB06002ACFC8 /* FirebaseDatabase */; };
		9B246DD4281EFB06002ACFC8 /* FirebaseFirestore in Frameworks */ = {isa = PBXBuildFile; productRef = 9B246DD3281EFB06002ACFC8 /* FirebaseFirestore */; };
		9B246DD6281EFB06002ACFC8 /* FirebaseFirestoreSwift-Beta in Frameworks */ = {isa = PBXBuildFile; productRef = 9B246DD5281EFB06002ACFC8 /* FirebaseFirestoreSwift-Beta */; };
		9B246DD8281EFB06002ACFC8 /* FirebaseFunctions in Frameworks */ = {isa = PBXBuildFile; productRef = 9B246DD7281EFB06002ACFC8 /* FirebaseFunctions */; };
		9B246DDA281EFB06002ACFC8 /* FirebaseStorage in Frameworks */ = {isa = PBXBuildFile; productRef = 9B246DD9281EFB06002ACFC8 /* FirebaseStorage */; };
		9B246DDC281EFB06002ACFC8 /* FirebaseStorageSwift-Beta in Frameworks */ = {isa = PBXBuildFile; productRef = 9B246DDB281EFB06002ACFC8 /* FirebaseStorageSwift-Beta */; };
		9B246DDE282045CD002ACFC8 /* SplashView.swift in Sources */ = {isa = PBXBuildFile; fileRef = 9B246DDD282045CD002ACFC8 /* SplashView.swift */; };
		9B367AC3282C344500474222 /* RocketsView.swift in Sources */ = {isa = PBXBuildFile; fileRef = 9B367AC2282C344500474222 /* RocketsView.swift */; };
		9B367AC5282C345A00474222 /* FavoritesView.swift in Sources */ = {isa = PBXBuildFile; fileRef = 9B367AC4282C345A00474222 /* FavoritesView.swift */; };
		9B367AC7282C346A00474222 /* UpcomingView.swift in Sources */ = {isa = PBXBuildFile; fileRef = 9B367AC6282C346A00474222 /* UpcomingView.swift */; };
		9B367AD0282C5E0800474222 /* RocketsViewModel.swift in Sources */ = {isa = PBXBuildFile; fileRef = 9B367ACF282C5E0800474222 /* RocketsViewModel.swift */; };
		9B53E840282EE452004F3FF0 /* TabBarItem.swift in Sources */ = {isa = PBXBuildFile; fileRef = 9B53E83B282EE452004F3FF0 /* TabBarItem.swift */; };
		9B53E841282EE452004F3FF0 /* CustomTabBarView.swift in Sources */ = {isa = PBXBuildFile; fileRef = 9B53E83C282EE452004F3FF0 /* CustomTabBarView.swift */; };
		9B53E842282EE452004F3FF0 /* TabBarItemsPreferenceKey.swift in Sources */ = {isa = PBXBuildFile; fileRef = 9B53E83D282EE452004F3FF0 /* TabBarItemsPreferenceKey.swift */; };
		9B53E843282EE452004F3FF0 /* AppTabBarView.swift in Sources */ = {isa = PBXBuildFile; fileRef = 9B53E83E282EE452004F3FF0 /* AppTabBarView.swift */; };
		9B53E844282EE452004F3FF0 /* CustomTabBarContainerView.swift in Sources */ = {isa = PBXBuildFile; fileRef = 9B53E83F282EE452004F3FF0 /* CustomTabBarContainerView.swift */; };
		9B53E847282FE301004F3FF0 /* ProfileView.swift in Sources */ = {isa = PBXBuildFile; fileRef = 9B53E846282FE301004F3FF0 /* ProfileView.swift */; };
		9B53E84E282FF98D004F3FF0 /* RocketDetailView.swift in Sources */ = {isa = PBXBuildFile; fileRef = 9B53E84D282FF98D004F3FF0 /* RocketDetailView.swift */; };
		9B53E850282FF9A2004F3FF0 /* RocketService.swift in Sources */ = {isa = PBXBuildFile; fileRef = 9B53E84F282FF9A2004F3FF0 /* RocketService.swift */; };
		9B53E852282FF9B9004F3FF0 /* Rocket.swift in Sources */ = {isa = PBXBuildFile; fileRef = 9B53E851282FF9B9004F3FF0 /* Rocket.swift */; };
		9B53E854283001A5004F3FF0 /* RoceketCardWidget.swift in Sources */ = {isa = PBXBuildFile; fileRef = 9B53E853283001A5004F3FF0 /* RoceketCardWidget.swift */; };
		9B53E85728302C3F004F3FF0 /* SwiftyJSON in Frameworks */ = {isa = PBXBuildFile; productRef = 9B53E85628302C3F004F3FF0 /* SwiftyJSON */; };
		9B54B450282D9827009ECA2D /* Kingfisher in Frameworks */ = {isa = PBXBuildFile; productRef = 9B54B44F282D9827009ECA2D /* Kingfisher */; };
		9B54B45F282D9A71009ECA2D /* BaseError.swift in Sources */ = {isa = PBXBuildFile; fileRef = 9B54B45E282D9A71009ECA2D /* BaseError.swift */; };
		9B54B462282D9AF0009ECA2D /* Alamofire in Frameworks */ = {isa = PBXBuildFile; productRef = 9B54B461282D9AF0009ECA2D /* Alamofire */; };
		9B54B464282D9B48009ECA2D /* BaseResponse.swift in Sources */ = {isa = PBXBuildFile; fileRef = 9B54B463282D9B48009ECA2D /* BaseResponse.swift */; };
		9B54B466282D9B60009ECA2D /* NetworkConfig.swift in Sources */ = {isa = PBXBuildFile; fileRef = 9B54B465282D9B60009ECA2D /* NetworkConfig.swift */; };
		9B54B468282D9B91009ECA2D /* INetworkManager.swift in Sources */ = {isa = PBXBuildFile; fileRef = 9B54B467282D9B91009ECA2D /* INetworkManager.swift */; };
		9B54B46A282D9BB8009ECA2D /* NetworkManager.swift in Sources */ = {isa = PBXBuildFile; fileRef = 9B54B469282D9BB8009ECA2D /* NetworkManager.swift */; };
		9B54B46E282D9D6E009ECA2D /* ActivitiyIndicator.swift in Sources */ = {isa = PBXBuildFile; fileRef = 9B54B46D282D9D6E009ECA2D /* ActivitiyIndicator.swift */; };
		9B54B48C282D9FF3009ECA2D /* NetworkQuery.swift in Sources */ = {isa = PBXBuildFile; fileRef = 9B54B487282D9FF3009ECA2D /* NetworkQuery.swift */; };
		9B54B48D282D9FF3009ECA2D /* NetworkPath.swift in Sources */ = {isa = PBXBuildFile; fileRef = 9B54B488282D9FF3009ECA2D /* NetworkPath.swift */; };
		9B54B48E282D9FF3009ECA2D /* ErrorMessages.swift in Sources */ = {isa = PBXBuildFile; fileRef = 9B54B489282D9FF3009ECA2D /* ErrorMessages.swift */; };
		9B54B48F282D9FF3009ECA2D /* NetworkMethod.swift in Sources */ = {isa = PBXBuildFile; fileRef = 9B54B48A282D9FF3009ECA2D /* NetworkMethod.swift */; };
		9B54B490282D9FF3009ECA2D /* ProjectError.swift in Sources */ = {isa = PBXBuildFile; fileRef = 9B54B48B282D9FF3009ECA2D /* ProjectError.swift */; };
		9B54B494282DA0B1009ECA2D /* NetworkService.swift in Sources */ = {isa = PBXBuildFile; fileRef = 9B54B493282DA0B1009ECA2D /* NetworkService.swift */; };
		9B54B49B282DA10A009ECA2D /* DogCardWidget.swift in Sources */ = {isa = PBXBuildFile; fileRef = 9B54B49A282DA10A009ECA2D /* DogCardWidget.swift */; };
		9B54B49D282DA122009ECA2D /* IndicatorWidget.swift in Sources */ = {isa = PBXBuildFile; fileRef = 9B54B49C282DA122009ECA2D /* IndicatorWidget.swift */; };
		9BAE6CDB282ADFC800EFE385 /* StepperView in Frameworks */ = {isa = PBXBuildFile; productRef = 9BAE6CDA282ADFC800EFE385 /* StepperView */; };
		9BD0ABF62829991800BDD06C /* SplashViewModel.swift in Sources */ = {isa = PBXBuildFile; fileRef = 9BD0ABF52829991800BDD06C /* SplashViewModel.swift */; };
		9BD0ABFA2829994200BDD06C /* LoginViewModel.swift in Sources */ = {isa = PBXBuildFile; fileRef = 9BD0ABF92829994200BDD06C /* LoginViewModel.swift */; };
		9BD0ABFE2829A5A500BDD06C /* RegisterView.swift in Sources */ = {isa = PBXBuildFile; fileRef = 9BD0ABFD2829A5A500BDD06C /* RegisterView.swift */; };
		9BD0AC002829A5B300BDD06C /* RegisterViewModel.swift in Sources */ = {isa = PBXBuildFile; fileRef = 9BD0ABFF2829A5B300BDD06C /* RegisterViewModel.swift */; };
		9BD0AC032829C07500BDD06C /* SwiftUINavigationBarColor in Frameworks */ = {isa = PBXBuildFile; productRef = 9BD0AC022829C07500BDD06C /* SwiftUINavigationBarColor */; };
/* End PBXBuildFile section */

/* Begin PBXFileReference section */
		9B246DB4281EF86A002ACFC8 /* SpaceXFanApplication.app */ = {isa = PBXFileReference; explicitFileType = wrapper.application; includeInIndex = 0; path = SpaceXFanApplication.app; sourceTree = BUILT_PRODUCTS_DIR; };
		9B246DB7281EF86A002ACFC8 /* SpaceXFanApplicationApp.swift */ = {isa = PBXFileReference; lastKnownFileType = sourcecode.swift; path = SpaceXFanApplicationApp.swift; sourceTree = "<group>"; };
		9B246DB9281EF86A002ACFC8 /* LoginView.swift */ = {isa = PBXFileReference; lastKnownFileType = sourcecode.swift; path = LoginView.swift; sourceTree = "<group>"; };
		9B246DBB281EF86B002ACFC8 /* Assets.xcassets */ = {isa = PBXFileReference; lastKnownFileType = folder.assetcatalog; path = Assets.xcassets; sourceTree = "<group>"; };
		9B246DBE281EF86B002ACFC8 /* Preview Assets.xcassets */ = {isa = PBXFileReference; lastKnownFileType = folder.assetcatalog; path = "Preview Assets.xcassets"; sourceTree = "<group>"; };
		9B246DC6281EF96B002ACFC8 /* GoogleService-Info.plist */ = {isa = PBXFileReference; fileEncoding = 4; lastKnownFileType = text.plist.xml; path = "GoogleService-Info.plist"; sourceTree = "<group>"; };
		9B246DDD282045CD002ACFC8 /* SplashView.swift */ = {isa = PBXFileReference; lastKnownFileType = sourcecode.swift; path = SplashView.swift; sourceTree = "<group>"; };
		9B367AC2282C344500474222 /* RocketsView.swift */ = {isa = PBXFileReference; lastKnownFileType = sourcecode.swift; path = RocketsView.swift; sourceTree = "<group>"; };
		9B367AC4282C345A00474222 /* FavoritesView.swift */ = {isa = PBXFileReference; lastKnownFileType = sourcecode.swift; path = FavoritesView.swift; sourceTree = "<group>"; };
		9B367AC6282C346A00474222 /* UpcomingView.swift */ = {isa = PBXFileReference; lastKnownFileType = sourcecode.swift; path = UpcomingView.swift; sourceTree = "<group>"; };
		9B367ACF282C5E0800474222 /* RocketsViewModel.swift */ = {isa = PBXFileReference; lastKnownFileType = sourcecode.swift; path = RocketsViewModel.swift; sourceTree = "<group>"; };
		9B53E83B282EE452004F3FF0 /* TabBarItem.swift */ = {isa = PBXFileReference; fileEncoding = 4; lastKnownFileType = sourcecode.swift; path = TabBarItem.swift; sourceTree = "<group>"; };
		9B53E83C282EE452004F3FF0 /* CustomTabBarView.swift */ = {isa = PBXFileReference; fileEncoding = 4; lastKnownFileType = sourcecode.swift; path = CustomTabBarView.swift; sourceTree = "<group>"; };
		9B53E83D282EE452004F3FF0 /* TabBarItemsPreferenceKey.swift */ = {isa = PBXFileReference; fileEncoding = 4; lastKnownFileType = sourcecode.swift; path = TabBarItemsPreferenceKey.swift; sourceTree = "<group>"; };
		9B53E83E282EE452004F3FF0 /* AppTabBarView.swift */ = {isa = PBXFileReference; fileEncoding = 4; lastKnownFileType = sourcecode.swift; path = AppTabBarView.swift; sourceTree = "<group>"; };
		9B53E83F282EE452004F3FF0 /* CustomTabBarContainerView.swift */ = {isa = PBXFileReference; fileEncoding = 4; lastKnownFileType = sourcecode.swift; path = CustomTabBarContainerView.swift; sourceTree = "<group>"; };
		9B53E846282FE301004F3FF0 /* ProfileView.swift */ = {isa = PBXFileReference; lastKnownFileType = sourcecode.swift; path = ProfileView.swift; sourceTree = "<group>"; };
		9B53E84D282FF98D004F3FF0 /* RocketDetailView.swift */ = {isa = PBXFileReference; lastKnownFileType = sourcecode.swift; path = RocketDetailView.swift; sourceTree = "<group>"; };
		9B53E84F282FF9A2004F3FF0 /* RocketService.swift */ = {isa = PBXFileReference; lastKnownFileType = sourcecode.swift; path = RocketService.swift; sourceTree = "<group>"; };
		9B53E851282FF9B9004F3FF0 /* Rocket.swift */ = {isa = PBXFileReference; lastKnownFileType = sourcecode.swift; path = Rocket.swift; sourceTree = "<group>"; };
		9B53E853283001A5004F3FF0 /* RoceketCardWidget.swift */ = {isa = PBXFileReference; lastKnownFileType = sourcecode.swift; path = RoceketCardWidget.swift; sourceTree = "<group>"; };
		9B54B45E282D9A71009ECA2D /* BaseError.swift */ = {isa = PBXFileReference; lastKnownFileType = sourcecode.swift; path = BaseError.swift; sourceTree = "<group>"; };
		9B54B463282D9B48009ECA2D /* BaseResponse.swift */ = {isa = PBXFileReference; lastKnownFileType = sourcecode.swift; path = BaseResponse.swift; sourceTree = "<group>"; };
		9B54B465282D9B60009ECA2D /* NetworkConfig.swift */ = {isa = PBXFileReference; lastKnownFileType = sourcecode.swift; path = NetworkConfig.swift; sourceTree = "<group>"; };
		9B54B467282D9B91009ECA2D /* INetworkManager.swift */ = {isa = PBXFileReference; lastKnownFileType = sourcecode.swift; path = INetworkManager.swift; sourceTree = "<group>"; };
		9B54B469282D9BB8009ECA2D /* NetworkManager.swift */ = {isa = PBXFileReference; lastKnownFileType = sourcecode.swift; path = NetworkManager.swift; sourceTree = "<group>"; };
		9B54B46D282D9D6E009ECA2D /* ActivitiyIndicator.swift */ = {isa = PBXFileReference; lastKnownFileType = sourcecode.swift; path = ActivitiyIndicator.swift; sourceTree = "<group>"; };
		9B54B487282D9FF3009ECA2D /* NetworkQuery.swift */ = {isa = PBXFileReference; fileEncoding = 4; lastKnownFileType = sourcecode.swift; path = NetworkQuery.swift; sourceTree = "<group>"; };
		9B54B488282D9FF3009ECA2D /* NetworkPath.swift */ = {isa = PBXFileReference; fileEncoding = 4; lastKnownFileType = sourcecode.swift; path = NetworkPath.swift; sourceTree = "<group>"; };
		9B54B489282D9FF3009ECA2D /* ErrorMessages.swift */ = {isa = PBXFileReference; fileEncoding = 4; lastKnownFileType = sourcecode.swift; path = ErrorMessages.swift; sourceTree = "<group>"; };
		9B54B48A282D9FF3009ECA2D /* NetworkMethod.swift */ = {isa = PBXFileReference; fileEncoding = 4; lastKnownFileType = sourcecode.swift; path = NetworkMethod.swift; sourceTree = "<group>"; };
		9B54B48B282D9FF3009ECA2D /* ProjectError.swift */ = {isa = PBXFileReference; fileEncoding = 4; lastKnownFileType = sourcecode.swift; path = ProjectError.swift; sourceTree = "<group>"; };
		9B54B493282DA0B1009ECA2D /* NetworkService.swift */ = {isa = PBXFileReference; lastKnownFileType = sourcecode.swift; path = NetworkService.swift; sourceTree = "<group>"; };
		9B54B49A282DA10A009ECA2D /* DogCardWidget.swift */ = {isa = PBXFileReference; lastKnownFileType = sourcecode.swift; path = DogCardWidget.swift; sourceTree = "<group>"; };
		9B54B49C282DA122009ECA2D /* IndicatorWidget.swift */ = {isa = PBXFileReference; lastKnownFileType = sourcecode.swift; path = IndicatorWidget.swift; sourceTree = "<group>"; };
		9BD0ABF52829991800BDD06C /* SplashViewModel.swift */ = {isa = PBXFileReference; lastKnownFileType = sourcecode.swift; path = SplashViewModel.swift; sourceTree = "<group>"; };
		9BD0ABF92829994200BDD06C /* LoginViewModel.swift */ = {isa = PBXFileReference; lastKnownFileType = sourcecode.swift; path = LoginViewModel.swift; sourceTree = "<group>"; };
		9BD0ABFD2829A5A500BDD06C /* RegisterView.swift */ = {isa = PBXFileReference; lastKnownFileType = sourcecode.swift; path = RegisterView.swift; sourceTree = "<group>"; };
		9BD0ABFF2829A5B300BDD06C /* RegisterViewModel.swift */ = {isa = PBXFileReference; lastKnownFileType = sourcecode.swift; path = RegisterViewModel.swift; sourceTree = "<group>"; };
/* End PBXFileReference section */

/* Begin PBXFrameworksBuildPhase section */
		9B246DB1281EF86A002ACFC8 /* Frameworks */ = {
			isa = PBXFrameworksBuildPhase;
			buildActionMask = 2147483647;
			files = (
				9B246DD2281EFB06002ACFC8 /* FirebaseDatabase in Frameworks */,
				9B54B462282D9AF0009ECA2D /* Alamofire in Frameworks */,
				9BD0AC032829C07500BDD06C /* SwiftUINavigationBarColor in Frameworks */,
				9B53E85728302C3F004F3FF0 /* SwiftyJSON in Frameworks */,
				9B246DCC281EFB06002ACFC8 /* FirebaseAnalyticsSwift-Beta in Frameworks */,
				9B246DDA281EFB06002ACFC8 /* FirebaseStorage in Frameworks */,
				9B246DD6281EFB06002ACFC8 /* FirebaseFirestoreSwift-Beta in Frameworks */,
				9B246DD8281EFB06002ACFC8 /* FirebaseFunctions in Frameworks */,
				9B246DDC281EFB06002ACFC8 /* FirebaseStorageSwift-Beta in Frameworks */,
				9B246DD0281EFB06002ACFC8 /* FirebaseCrashlytics in Frameworks */,
				9B54B450282D9827009ECA2D /* Kingfisher in Frameworks */,
				9B246DCE281EFB06002ACFC8 /* FirebaseAuth in Frameworks */,
				9BAE6CDB282ADFC800EFE385 /* StepperView in Frameworks */,
				9B246DCA281EFB06002ACFC8 /* FirebaseAnalytics in Frameworks */,
				9B246DD4281EFB06002ACFC8 /* FirebaseFirestore in Frameworks */,
			);
			runOnlyForDeploymentPostprocessing = 0;
		};
/* End PBXFrameworksBuildPhase section */

/* Begin PBXGroup section */
		9B246DAB281EF86A002ACFC8 = {
			isa = PBXGroup;
			children = (
				9B246DB6281EF86A002ACFC8 /* SpaceXFanApplication */,
				9B246DB5281EF86A002ACFC8 /* Products */,
			);
			sourceTree = "<group>";
		};
		9B246DB5281EF86A002ACFC8 /* Products */ = {
			isa = PBXGroup;
			children = (
				9B246DB4281EF86A002ACFC8 /* SpaceXFanApplication.app */,
			);
			name = Products;
			sourceTree = "<group>";
		};
		9B246DB6281EF86A002ACFC8 /* SpaceXFanApplication */ = {
			isa = PBXGroup;
			children = (
				9B54B459282D99A0009ECA2D /* Core */,
				9B54B458282D9984009ECA2D /* Product */,
				9B54B457282D997A009ECA2D /* Features */,
				9B246DBB281EF86B002ACFC8 /* Assets.xcassets */,
				9B246DC6281EF96B002ACFC8 /* GoogleService-Info.plist */,
				9B246DBD281EF86B002ACFC8 /* Preview Content */,
			);
			path = SpaceXFanApplication;
			sourceTree = "<group>";
		};
		9B246DBD281EF86B002ACFC8 /* Preview Content */ = {
			isa = PBXGroup;
			children = (
				9B246DBE281EF86B002ACFC8 /* Preview Assets.xcassets */,
			);
			path = "Preview Content";
			sourceTree = "<group>";
		};
		9B53E83A282EE452004F3FF0 /* CustomTabBar */ = {
			isa = PBXGroup;
			children = (
				9B53E83B282EE452004F3FF0 /* TabBarItem.swift */,
				9B53E83C282EE452004F3FF0 /* CustomTabBarView.swift */,
				9B53E83D282EE452004F3FF0 /* TabBarItemsPreferenceKey.swift */,
				9B53E83E282EE452004F3FF0 /* AppTabBarView.swift */,
				9B53E83F282EE452004F3FF0 /* CustomTabBarContainerView.swift */,
			);
			path = CustomTabBar;
			sourceTree = "<group>";
		};
		9B53E845282FE2F1004F3FF0 /* Profile */ = {
			isa = PBXGroup;
			children = (
				9B53E846282FE301004F3FF0 /* ProfileView.swift */,
			);
			path = Profile;
			sourceTree = "<group>";
		};
		9B53E848282FF93A004F3FF0 /* ViewModel */ = {
			isa = PBXGroup;
			children = (
				9B367ACF282C5E0800474222 /* RocketsViewModel.swift */,
			);
			path = ViewModel;
			sourceTree = "<group>";
		};
		9B53E849282FF941004F3FF0 /* View */ = {
			isa = PBXGroup;
			children = (
				9B367AC2282C344500474222 /* RocketsView.swift */,
				9B53E84D282FF98D004F3FF0 /* RocketDetailView.swift */,
			);
			path = View;
			sourceTree = "<group>";
		};
		9B53E84A282FF948004F3FF0 /* Service */ = {
			isa = PBXGroup;
			children = (
				9B53E84F282FF9A2004F3FF0 /* RocketService.swift */,
			);
			path = Service;
			sourceTree = "<group>";
		};
		9B53E84B282FF94E004F3FF0 /* Model */ = {
			isa = PBXGroup;
			children = (
				9B53E851282FF9B9004F3FF0 /* Rocket.swift */,
			);
			path = Model;
			sourceTree = "<group>";
		};
		9B54B457282D997A009ECA2D /* Features */ = {
			isa = PBXGroup;
			children = (
				9B53E845282FE2F1004F3FF0 /* Profile */,
				9B53E83A282EE452004F3FF0 /* CustomTabBar */,
				9B54B4A6282DA22A009ECA2D /* Favorites */,
				9B54B4A5282DA219009ECA2D /* Upcoming */,
				9B54B4A3282DA1F4009ECA2D /* Rockets */,
				9B54B4A0282DA1C3009ECA2D /* Auth */,
				9B54B49E282DA180009ECA2D /* Splash */,
			);
			path = Features;
			sourceTree = "<group>";
		};
		9B54B458282D9984009ECA2D /* Product */ = {
			isa = PBXGroup;
			children = (
				9B54B4A8282DA679009ECA2D /* Localization */,
				9B54B495282DA0C9009ECA2D /* Widget */,
				9B54B492282DA093009ECA2D /* Service */,
				9B54B486282D9FD0009ECA2D /* Enum */,
			);
			path = Product;
			sourceTree = "<group>";
		};
		9B54B459282D99A0009ECA2D /* Core */ = {
			isa = PBXGroup;
			children = (
				9B54B46C282D9D5A009ECA2D /* Widget */,
				9B54B45B282D99BD009ECA2D /* Initialize */,
			);
			path = Core;
			sourceTree = "<group>";
		};
		9B54B45B282D99BD009ECA2D /* Initialize */ = {
			isa = PBXGroup;
			children = (
				9B246DB7281EF86A002ACFC8 /* SpaceXFanApplicationApp.swift */,
				9B54B45C282D9A43009ECA2D /* Network */,
			);
			path = Initialize;
			sourceTree = "<group>";
		};
		9B54B45C282D9A43009ECA2D /* Network */ = {
			isa = PBXGroup;
			children = (
				9B54B45D282D9A52009ECA2D /* Model */,
				9B54B467282D9B91009ECA2D /* INetworkManager.swift */,
				9B54B469282D9BB8009ECA2D /* NetworkManager.swift */,
			);
			path = Network;
			sourceTree = "<group>";
		};
		9B54B45D282D9A52009ECA2D /* Model */ = {
			isa = PBXGroup;
			children = (
				9B54B45E282D9A71009ECA2D /* BaseError.swift */,
				9B54B463282D9B48009ECA2D /* BaseResponse.swift */,
				9B54B465282D9B60009ECA2D /* NetworkConfig.swift */,
			);
			path = Model;
			sourceTree = "<group>";
		};
		9B54B46C282D9D5A009ECA2D /* Widget */ = {
			isa = PBXGroup;
			children = (
				9B54B46D282D9D6E009ECA2D /* ActivitiyIndicator.swift */,
			);
			path = Widget;
			sourceTree = "<group>";
		};
		9B54B486282D9FD0009ECA2D /* Enum */ = {
			isa = PBXGroup;
			children = (
				9B54B489282D9FF3009ECA2D /* ErrorMessages.swift */,
				9B54B48A282D9FF3009ECA2D /* NetworkMethod.swift */,
				9B54B488282D9FF3009ECA2D /* NetworkPath.swift */,
				9B54B487282D9FF3009ECA2D /* NetworkQuery.swift */,
				9B54B48B282D9FF3009ECA2D /* ProjectError.swift */,
			);
			path = Enum;
			sourceTree = "<group>";
		};
		9B54B492282DA093009ECA2D /* Service */ = {
			isa = PBXGroup;
			children = (
				9B54B493282DA0B1009ECA2D /* NetworkService.swift */,
			);
			path = Service;
			sourceTree = "<group>";
		};
		9B54B495282DA0C9009ECA2D /* Widget */ = {
			isa = PBXGroup;
			children = (
				9B54B497282DA0D8009ECA2D /* Indicator */,
				9B54B496282DA0D1009ECA2D /* Card */,
			);
			path = Widget;
			sourceTree = "<group>";
		};
		9B54B496282DA0D1009ECA2D /* Card */ = {
			isa = PBXGroup;
			children = (
				9B54B49A282DA10A009ECA2D /* DogCardWidget.swift */,
				9B53E853283001A5004F3FF0 /* RoceketCardWidget.swift */,
			);
			path = Card;
			sourceTree = "<group>";
		};
		9B54B497282DA0D8009ECA2D /* Indicator */ = {
			isa = PBXGroup;
			children = (
				9B54B49C282DA122009ECA2D /* IndicatorWidget.swift */,
			);
			path = Indicator;
			sourceTree = "<group>";
		};
		9B54B49E282DA180009ECA2D /* Splash */ = {
			isa = PBXGroup;
			children = (
				9B246DDD282045CD002ACFC8 /* SplashView.swift */,
				9BD0ABF52829991800BDD06C /* SplashViewModel.swift */,
			);
			path = Splash;
			sourceTree = "<group>";
		};
		9B54B4A0282DA1C3009ECA2D /* Auth */ = {
			isa = PBXGroup;
			children = (
				9B54B4A2282DA1DC009ECA2D /* Register */,
				9B54B4A1282DA1CB009ECA2D /* Login */,
			);
			path = Auth;
			sourceTree = "<group>";
		};
		9B54B4A1282DA1CB009ECA2D /* Login */ = {
			isa = PBXGroup;
			children = (
				9B246DB9281EF86A002ACFC8 /* LoginView.swift */,
				9BD0ABF92829994200BDD06C /* LoginViewModel.swift */,
			);
			path = Login;
			sourceTree = "<group>";
		};
		9B54B4A2282DA1DC009ECA2D /* Register */ = {
			isa = PBXGroup;
			children = (
				9BD0ABFF2829A5B300BDD06C /* RegisterViewModel.swift */,
				9BD0ABFD2829A5A500BDD06C /* RegisterView.swift */,
			);
			path = Register;
			sourceTree = "<group>";
		};
		9B54B4A3282DA1F4009ECA2D /* Rockets */ = {
			isa = PBXGroup;
			children = (
				9B53E84B282FF94E004F3FF0 /* Model */,
				9B53E84A282FF948004F3FF0 /* Service */,
				9B53E849282FF941004F3FF0 /* View */,
				9B53E848282FF93A004F3FF0 /* ViewModel */,
			);
			path = Rockets;
			sourceTree = "<group>";
		};
		9B54B4A5282DA219009ECA2D /* Upcoming */ = {
			isa = PBXGroup;
			children = (
				9B367AC6282C346A00474222 /* UpcomingView.swift */,
			);
			path = Upcoming;
			sourceTree = "<group>";
		};
		9B54B4A6282DA22A009ECA2D /* Favorites */ = {
			isa = PBXGroup;
			children = (
				9B367AC4282C345A00474222 /* FavoritesView.swift */,
			);
			path = Favorites;
			sourceTree = "<group>";
		};
		9B54B4A8282DA679009ECA2D /* Localization */ = {
			isa = PBXGroup;
			children = (
			);
			path = Localization;
			sourceTree = "<group>";
		};
/* End PBXGroup section */

/* Begin PBXNativeTarget section */
		9B246DB3281EF86A002ACFC8 /* SpaceXFanApplication */ = {
			isa = PBXNativeTarget;
			buildConfigurationList = 9B246DC2281EF86B002ACFC8 /* Build configuration list for PBXNativeTarget "SpaceXFanApplication" */;
			buildPhases = (
				9B246DB0281EF86A002ACFC8 /* Sources */,
				9B246DB1281EF86A002ACFC8 /* Frameworks */,
				9B246DB2281EF86A002ACFC8 /* Resources */,
			);
			buildRules = (
			);
			dependencies = (
			);
			name = SpaceXFanApplication;
			packageProductDependencies = (
				9B246DC9281EFB06002ACFC8 /* FirebaseAnalytics */,
				9B246DCB281EFB06002ACFC8 /* FirebaseAnalyticsSwift-Beta */,
				9B246DCD281EFB06002ACFC8 /* FirebaseAuth */,
				9B246DCF281EFB06002ACFC8 /* FirebaseCrashlytics */,
				9B246DD1281EFB06002ACFC8 /* FirebaseDatabase */,
				9B246DD3281EFB06002ACFC8 /* FirebaseFirestore */,
				9B246DD5281EFB06002ACFC8 /* FirebaseFirestoreSwift-Beta */,
				9B246DD7281EFB06002ACFC8 /* FirebaseFunctions */,
				9B246DD9281EFB06002ACFC8 /* FirebaseStorage */,
				9B246DDB281EFB06002ACFC8 /* FirebaseStorageSwift-Beta */,
				9BD0AC022829C07500BDD06C /* SwiftUINavigationBarColor */,
				9BAE6CDA282ADFC800EFE385 /* StepperView */,
				9B54B44F282D9827009ECA2D /* Kingfisher */,
				9B54B461282D9AF0009ECA2D /* Alamofire */,
				9B53E85628302C3F004F3FF0 /* SwiftyJSON */,
			);
			productName = SpaceXFanApplication;
			productReference = 9B246DB4281EF86A002ACFC8 /* SpaceXFanApplication.app */;
			productType = "com.apple.product-type.application";
		};
/* End PBXNativeTarget section */

/* Begin PBXProject section */
		9B246DAC281EF86A002ACFC8 /* Project object */ = {
			isa = PBXProject;
			attributes = {
				BuildIndependentTargetsInParallel = 1;
				LastSwiftUpdateCheck = 1330;
				LastUpgradeCheck = 1330;
				TargetAttributes = {
					9B246DB3281EF86A002ACFC8 = {
						CreatedOnToolsVersion = 13.3;
					};
				};
			};
			buildConfigurationList = 9B246DAF281EF86A002ACFC8 /* Build configuration list for PBXProject "SpaceXFanApplication" */;
			compatibilityVersion = "Xcode 13.0";
			developmentRegion = en;
			hasScannedForEncodings = 0;
			knownRegions = (
				en,
				Base,
			);
			mainGroup = 9B246DAB281EF86A002ACFC8;
			packageReferences = (
				9B246DC5281EF8FF002ACFC8 /* XCRemoteSwiftPackageReference "firebase-ios-sdk" */,
				9B246DC8281EFB06002ACFC8 /* XCRemoteSwiftPackageReference "firebase-ios-sdk" */,
				9BD0AC012829C07500BDD06C /* XCRemoteSwiftPackageReference "SwiftUI-Navigation-Bar-Color" */,
				9BAE6CD9282ADFC800EFE385 /* XCRemoteSwiftPackageReference "StepperView" */,
				9B54B44E282D9827009ECA2D /* XCRemoteSwiftPackageReference "Kingfisher" */,
				9B54B460282D9AF0009ECA2D /* XCRemoteSwiftPackageReference "Alamofire" */,
				9B53E85528302C3F004F3FF0 /* XCRemoteSwiftPackageReference "SwiftyJSON" */,
			);
			productRefGroup = 9B246DB5281EF86A002ACFC8 /* Products */;
			projectDirPath = "";
			projectRoot = "";
			targets = (
				9B246DB3281EF86A002ACFC8 /* SpaceXFanApplication */,
			);
		};
/* End PBXProject section */

/* Begin PBXResourcesBuildPhase section */
		9B246DB2281EF86A002ACFC8 /* Resources */ = {
			isa = PBXResourcesBuildPhase;
			buildActionMask = 2147483647;
			files = (
				9B246DBF281EF86B002ACFC8 /* Preview Assets.xcassets in Resources */,
				9B246DBC281EF86B002ACFC8 /* Assets.xcassets in Resources */,
				9B246DC7281EF96B002ACFC8 /* GoogleService-Info.plist in Resources */,
			);
			runOnlyForDeploymentPostprocessing = 0;
		};
/* End PBXResourcesBuildPhase section */

/* Begin PBXSourcesBuildPhase section */
		9B246DB0281EF86A002ACFC8 /* Sources */ = {
			isa = PBXSourcesBuildPhase;
			buildActionMask = 2147483647;
			files = (
				9B53E842282EE452004F3FF0 /* TabBarItemsPreferenceKey.swift in Sources */,
				9B367AC5282C345A00474222 /* FavoritesView.swift in Sources */,
				9B53E840282EE452004F3FF0 /* TabBarItem.swift in Sources */,
				9BD0ABFA2829994200BDD06C /* LoginViewModel.swift in Sources */,
				9B54B46A282D9BB8009ECA2D /* NetworkManager.swift in Sources */,
				9B54B48D282D9FF3009ECA2D /* NetworkPath.swift in Sources */,
				9B54B49B282DA10A009ECA2D /* DogCardWidget.swift in Sources */,
				9B367AD0282C5E0800474222 /* RocketsViewModel.swift in Sources */,
				9B54B490282D9FF3009ECA2D /* ProjectError.swift in Sources */,
				9B54B48E282D9FF3009ECA2D /* ErrorMessages.swift in Sources */,
				9B367AC7282C346A00474222 /* UpcomingView.swift in Sources */,
				9B53E854283001A5004F3FF0 /* RoceketCardWidget.swift in Sources */,
				9B367AC3282C344500474222 /* RocketsView.swift in Sources */,
				9B54B46E282D9D6E009ECA2D /* ActivitiyIndicator.swift in Sources */,
				9B53E843282EE452004F3FF0 /* AppTabBarView.swift in Sources */,
				9B53E850282FF9A2004F3FF0 /* RocketService.swift in Sources */,
				9B246DBA281EF86A002ACFC8 /* LoginView.swift in Sources */,
				9B54B48F282D9FF3009ECA2D /* NetworkMethod.swift in Sources */,
				9B54B494282DA0B1009ECA2D /* NetworkService.swift in Sources */,
				9B53E84E282FF98D004F3FF0 /* RocketDetailView.swift in Sources */,
				9BD0AC002829A5B300BDD06C /* RegisterViewModel.swift in Sources */,
				9B53E841282EE452004F3FF0 /* CustomTabBarView.swift in Sources */,
				9B54B468282D9B91009ECA2D /* INetworkManager.swift in Sources */,
				9B54B464282D9B48009ECA2D /* BaseResponse.swift in Sources */,
				9B246DDE282045CD002ACFC8 /* SplashView.swift in Sources */,
				9B53E852282FF9B9004F3FF0 /* Rocket.swift in Sources */,
				9BD0ABFE2829A5A500BDD06C /* RegisterView.swift in Sources */,
				9B54B48C282D9FF3009ECA2D /* NetworkQuery.swift in Sources */,
				9B246DB8281EF86A002ACFC8 /* SpaceXFanApplicationApp.swift in Sources */,
				9B53E847282FE301004F3FF0 /* ProfileView.swift in Sources */,
				9B54B466282D9B60009ECA2D /* NetworkConfig.swift in Sources */,
				9B54B49D282DA122009ECA2D /* IndicatorWidget.swift in Sources */,
				9BD0ABF62829991800BDD06C /* SplashViewModel.swift in Sources */,
				9B54B45F282D9A71009ECA2D /* BaseError.swift in Sources */,
				9B53E844282EE452004F3FF0 /* CustomTabBarContainerView.swift in Sources */,
			);
			runOnlyForDeploymentPostprocessing = 0;
		};
/* End PBXSourcesBuildPhase section */

/* Begin XCBuildConfiguration section */
		9B246DC0281EF86B002ACFC8 /* Debug */ = {
			isa = XCBuildConfiguration;
			buildSettings = {
				ALWAYS_SEARCH_USER_PATHS = NO;
				CLANG_ANALYZER_NONNULL = YES;
				CLANG_ANALYZER_NUMBER_OBJECT_CONVERSION = YES_AGGRESSIVE;
				CLANG_CXX_LANGUAGE_STANDARD = "gnu++17";
				CLANG_ENABLE_MODULES = YES;
				CLANG_ENABLE_OBJC_ARC = YES;
				CLANG_ENABLE_OBJC_WEAK = YES;
				CLANG_WARN_BLOCK_CAPTURE_AUTORELEASING = YES;
				CLANG_WARN_BOOL_CONVERSION = YES;
				CLANG_WARN_COMMA = YES;
				CLANG_WARN_CONSTANT_CONVERSION = YES;
				CLANG_WARN_DEPRECATED_OBJC_IMPLEMENTATIONS = YES;
				CLANG_WARN_DIRECT_OBJC_ISA_USAGE = YES_ERROR;
				CLANG_WARN_DOCUMENTATION_COMMENTS = YES;
				CLANG_WARN_EMPTY_BODY = YES;
				CLANG_WARN_ENUM_CONVERSION = YES;
				CLANG_WARN_INFINITE_RECURSION = YES;
				CLANG_WARN_INT_CONVERSION = YES;
				CLANG_WARN_NON_LITERAL_NULL_CONVERSION = YES;
				CLANG_WARN_OBJC_IMPLICIT_RETAIN_SELF = YES;
				CLANG_WARN_OBJC_LITERAL_CONVERSION = YES;
				CLANG_WARN_OBJC_ROOT_CLASS = YES_ERROR;
				CLANG_WARN_QUOTED_INCLUDE_IN_FRAMEWORK_HEADER = YES;
				CLANG_WARN_RANGE_LOOP_ANALYSIS = YES;
				CLANG_WARN_STRICT_PROTOTYPES = YES;
				CLANG_WARN_SUSPICIOUS_MOVE = YES;
				CLANG_WARN_UNGUARDED_AVAILABILITY = YES_AGGRESSIVE;
				CLANG_WARN_UNREACHABLE_CODE = YES;
				CLANG_WARN__DUPLICATE_METHOD_MATCH = YES;
				COPY_PHASE_STRIP = NO;
				DEBUG_INFORMATION_FORMAT = dwarf;
				ENABLE_STRICT_OBJC_MSGSEND = YES;
				ENABLE_TESTABILITY = YES;
				GCC_C_LANGUAGE_STANDARD = gnu11;
				GCC_DYNAMIC_NO_PIC = NO;
				GCC_NO_COMMON_BLOCKS = YES;
				GCC_OPTIMIZATION_LEVEL = 0;
				GCC_PREPROCESSOR_DEFINITIONS = (
					"DEBUG=1",
					"$(inherited)",
				);
				GCC_WARN_64_TO_32_BIT_CONVERSION = YES;
				GCC_WARN_ABOUT_RETURN_TYPE = YES_ERROR;
				GCC_WARN_UNDECLARED_SELECTOR = YES;
				GCC_WARN_UNINITIALIZED_AUTOS = YES_AGGRESSIVE;
				GCC_WARN_UNUSED_FUNCTION = YES;
				GCC_WARN_UNUSED_VARIABLE = YES;
				IPHONEOS_DEPLOYMENT_TARGET = 15.4;
				MTL_ENABLE_DEBUG_INFO = INCLUDE_SOURCE;
				MTL_FAST_MATH = YES;
				ONLY_ACTIVE_ARCH = YES;
				SDKROOT = iphoneos;
				SWIFT_ACTIVE_COMPILATION_CONDITIONS = DEBUG;
				SWIFT_OPTIMIZATION_LEVEL = "-Onone";
			};
			name = Debug;
		};
		9B246DC1281EF86B002ACFC8 /* Release */ = {
			isa = XCBuildConfiguration;
			buildSettings = {
				ALWAYS_SEARCH_USER_PATHS = NO;
				CLANG_ANALYZER_NONNULL = YES;
				CLANG_ANALYZER_NUMBER_OBJECT_CONVERSION = YES_AGGRESSIVE;
				CLANG_CXX_LANGUAGE_STANDARD = "gnu++17";
				CLANG_ENABLE_MODULES = YES;
				CLANG_ENABLE_OBJC_ARC = YES;
				CLANG_ENABLE_OBJC_WEAK = YES;
				CLANG_WARN_BLOCK_CAPTURE_AUTORELEASING = YES;
				CLANG_WARN_BOOL_CONVERSION = YES;
				CLANG_WARN_COMMA = YES;
				CLANG_WARN_CONSTANT_CONVERSION = YES;
				CLANG_WARN_DEPRECATED_OBJC_IMPLEMENTATIONS = YES;
				CLANG_WARN_DIRECT_OBJC_ISA_USAGE = YES_ERROR;
				CLANG_WARN_DOCUMENTATION_COMMENTS = YES;
				CLANG_WARN_EMPTY_BODY = YES;
				CLANG_WARN_ENUM_CONVERSION = YES;
				CLANG_WARN_INFINITE_RECURSION = YES;
				CLANG_WARN_INT_CONVERSION = YES;
				CLANG_WARN_NON_LITERAL_NULL_CONVERSION = YES;
				CLANG_WARN_OBJC_IMPLICIT_RETAIN_SELF = YES;
				CLANG_WARN_OBJC_LITERAL_CONVERSION = YES;
				CLANG_WARN_OBJC_ROOT_CLASS = YES_ERROR;
				CLANG_WARN_QUOTED_INCLUDE_IN_FRAMEWORK_HEADER = YES;
				CLANG_WARN_RANGE_LOOP_ANALYSIS = YES;
				CLANG_WARN_STRICT_PROTOTYPES = YES;
				CLANG_WARN_SUSPICIOUS_MOVE = YES;
				CLANG_WARN_UNGUARDED_AVAILABILITY = YES_AGGRESSIVE;
				CLANG_WARN_UNREACHABLE_CODE = YES;
				CLANG_WARN__DUPLICATE_METHOD_MATCH = YES;
				COPY_PHASE_STRIP = NO;
				DEBUG_INFORMATION_FORMAT = "dwarf-with-dsym";
				ENABLE_NS_ASSERTIONS = NO;
				ENABLE_STRICT_OBJC_MSGSEND = YES;
				GCC_C_LANGUAGE_STANDARD = gnu11;
				GCC_NO_COMMON_BLOCKS = YES;
				GCC_WARN_64_TO_32_BIT_CONVERSION = YES;
				GCC_WARN_ABOUT_RETURN_TYPE = YES_ERROR;
				GCC_WARN_UNDECLARED_SELECTOR = YES;
				GCC_WARN_UNINITIALIZED_AUTOS = YES_AGGRESSIVE;
				GCC_WARN_UNUSED_FUNCTION = YES;
				GCC_WARN_UNUSED_VARIABLE = YES;
				IPHONEOS_DEPLOYMENT_TARGET = 15.4;
				MTL_ENABLE_DEBUG_INFO = NO;
				MTL_FAST_MATH = YES;
				SDKROOT = iphoneos;
				SWIFT_COMPILATION_MODE = wholemodule;
				SWIFT_OPTIMIZATION_LEVEL = "-O";
				VALIDATE_PRODUCT = YES;
			};
			name = Release;
		};
		9B246DC3281EF86B002ACFC8 /* Debug */ = {
			isa = XCBuildConfiguration;
			buildSettings = {
				ASSETCATALOG_COMPILER_APPICON_NAME = AppIcon;
				ASSETCATALOG_COMPILER_GLOBAL_ACCENT_COLOR_NAME = AccentColor;
				CODE_SIGN_STYLE = Automatic;
				CURRENT_PROJECT_VERSION = 1;
				DEVELOPMENT_ASSET_PATHS = "\"SpaceXFanApplication/Preview Content\"";
				DEVELOPMENT_TEAM = V7KDH9D2A4;
				ENABLE_PREVIEWS = YES;
				GENERATE_INFOPLIST_FILE = YES;
				INFOPLIST_KEY_UIApplicationSceneManifest_Generation = YES;
				INFOPLIST_KEY_UIApplicationSupportsIndirectInputEvents = YES;
				INFOPLIST_KEY_UILaunchScreen_Generation = YES;
				INFOPLIST_KEY_UISupportedInterfaceOrientations_iPad = "UIInterfaceOrientationPortrait UIInterfaceOrientationPortraitUpsideDown UIInterfaceOrientationLandscapeLeft UIInterfaceOrientationLandscapeRight";
				INFOPLIST_KEY_UISupportedInterfaceOrientations_iPhone = "UIInterfaceOrientationPortrait UIInterfaceOrientationLandscapeLeft UIInterfaceOrientationLandscapeRight";
				IPHONEOS_DEPLOYMENT_TARGET = 15.4;
				LD_RUNPATH_SEARCH_PATHS = (
					"$(inherited)",
					"@executable_path/Frameworks",
				);
				MARKETING_VERSION = 1.0;
				PRODUCT_BUNDLE_IDENTIFIER = com.ahmetcanpoyraz.SpaceXFanApplication;
				PRODUCT_NAME = "$(TARGET_NAME)";
				SWIFT_EMIT_LOC_STRINGS = YES;
				SWIFT_VERSION = 5.0;
				TARGETED_DEVICE_FAMILY = "1,2";
			};
			name = Debug;
		};
		9B246DC4281EF86B002ACFC8 /* Release */ = {
			isa = XCBuildConfiguration;
			buildSettings = {
				ASSETCATALOG_COMPILER_APPICON_NAME = AppIcon;
				ASSETCATALOG_COMPILER_GLOBAL_ACCENT_COLOR_NAME = AccentColor;
				CODE_SIGN_STYLE = Automatic;
				CURRENT_PROJECT_VERSION = 1;
				DEVELOPMENT_ASSET_PATHS = "\"SpaceXFanApplication/Preview Content\"";
				DEVELOPMENT_TEAM = V7KDH9D2A4;
				ENABLE_PREVIEWS = YES;
				GENERATE_INFOPLIST_FILE = YES;
				INFOPLIST_KEY_UIApplicationSceneManifest_Generation = YES;
				INFOPLIST_KEY_UIApplicationSupportsIndirectInputEvents = YES;
				INFOPLIST_KEY_UILaunchScreen_Generation = YES;
				INFOPLIST_KEY_UISupportedInterfaceOrientations_iPad = "UIInterfaceOrientationPortrait UIInterfaceOrientationPortraitUpsideDown UIInterfaceOrientationLandscapeLeft UIInterfaceOrientationLandscapeRight";
				INFOPLIST_KEY_UISupportedInterfaceOrientations_iPhone = "UIInterfaceOrientationPortrait UIInterfaceOrientationLandscapeLeft UIInterfaceOrientationLandscapeRight";
				IPHONEOS_DEPLOYMENT_TARGET = 15.4;
				LD_RUNPATH_SEARCH_PATHS = (
					"$(inherited)",
					"@executable_path/Frameworks",
				);
				MARKETING_VERSION = 1.0;
				PRODUCT_BUNDLE_IDENTIFIER = com.ahmetcanpoyraz.SpaceXFanApplication;
				PRODUCT_NAME = "$(TARGET_NAME)";
				SWIFT_EMIT_LOC_STRINGS = YES;
				SWIFT_VERSION = 5.0;
				TARGETED_DEVICE_FAMILY = "1,2";
			};
			name = Release;
		};
/* End XCBuildConfiguration section */

/* Begin XCConfigurationList section */
		9B246DAF281EF86A002ACFC8 /* Build configuration list for PBXProject "SpaceXFanApplication" */ = {
			isa = XCConfigurationList;
			buildConfigurations = (
				9B246DC0281EF86B002ACFC8 /* Debug */,
				9B246DC1281EF86B002ACFC8 /* Release */,
			);
			defaultConfigurationIsVisible = 0;
			defaultConfigurationName = Release;
		};
		9B246DC2281EF86B002ACFC8 /* Build configuration list for PBXNativeTarget "SpaceXFanApplication" */ = {
			isa = XCConfigurationList;
			buildConfigurations = (
				9B246DC3281EF86B002ACFC8 /* Debug */,
				9B246DC4281EF86B002ACFC8 /* Release */,
			);
			defaultConfigurationIsVisible = 0;
			defaultConfigurationName = Release;
		};
/* End XCConfigurationList section */

/* Begin XCRemoteSwiftPackageReference section */
		9B246DC5281EF8FF002ACFC8 /* XCRemoteSwiftPackageReference "firebase-ios-sdk" */ = {
			isa = XCRemoteSwiftPackageReference;
			repositoryURL = "https://github.com/firebase/firebase-ios-sdk";
			requirement = {
				kind = exactVersion;
				version = 8.0.0;
			};
		};
		9B246DC8281EFB06002ACFC8 /* XCRemoteSwiftPackageReference "firebase-ios-sdk" */ = {
			isa = XCRemoteSwiftPackageReference;
			repositoryURL = "https://github.com/firebase/firebase-ios-sdk";
			requirement = {
				kind = exactVersion;
				version = 8.0.0;
			};
		};
		9B53E85528302C3F004F3FF0 /* XCRemoteSwiftPackageReference "SwiftyJSON" */ = {
			isa = XCRemoteSwiftPackageReference;
			repositoryURL = "https://github.com/SwiftyJSON/SwiftyJSON.git";
			requirement = {
				kind = upToNextMajorVersion;
				minimumVersion = 5.0.0;
			};
		};
		9B54B44E282D9827009ECA2D /* XCRemoteSwiftPackageReference "Kingfisher" */ = {
			isa = XCRemoteSwiftPackageReference;
			repositoryURL = "https://github.com/onevcat/Kingfisher.git";
			requirement = {
				kind = upToNextMajorVersion;
				minimumVersion = 7.0.0;
			};
		};
		9B54B460282D9AF0009ECA2D /* XCRemoteSwiftPackageReference "Alamofire" */ = {
			isa = XCRemoteSwiftPackageReference;
			repositoryURL = "https://github.com/Alamofire/Alamofire.git";
			requirement = {
				kind = upToNextMajorVersion;
				minimumVersion = 5.0.0;
			};
		};
		9BAE6CD9282ADFC800EFE385 /* XCRemoteSwiftPackageReference "StepperView" */ = {
			isa = XCRemoteSwiftPackageReference;
			repositoryURL = "https://github.com/badrinathvm/StepperView.git";
			requirement = {
				kind = upToNextMajorVersion;
				minimumVersion = 1.0.0;
			};
		};
		9BD0AC012829C07500BDD06C /* XCRemoteSwiftPackageReference "SwiftUI-Navigation-Bar-Color" */ = {
			isa = XCRemoteSwiftPackageReference;
			repositoryURL = "https://github.com/haifengkao/SwiftUI-Navigation-Bar-Color";
			requirement = {
				kind = upToNextMajorVersion;
				minimumVersion = 0.9.0;
			};
		};
/* End XCRemoteSwiftPackageReference section */

/* Begin XCSwiftPackageProductDependency section */
		9B246DC9281EFB06002ACFC8 /* FirebaseAnalytics */ = {
			isa = XCSwiftPackageProductDependency;
			package = 9B246DC5281EF8FF002ACFC8 /* XCRemoteSwiftPackageReference "firebase-ios-sdk" */;
			productName = FirebaseAnalytics;
		};
		9B246DCB281EFB06002ACFC8 /* FirebaseAnalyticsSwift-Beta */ = {
			isa = XCSwiftPackageProductDependency;
			package = 9B246DC5281EF8FF002ACFC8 /* XCRemoteSwiftPackageReference "firebase-ios-sdk" */;
			productName = "FirebaseAnalyticsSwift-Beta";
		};
		9B246DCD281EFB06002ACFC8 /* FirebaseAuth */ = {
			isa = XCSwiftPackageProductDependency;
			package = 9B246DC5281EF8FF002ACFC8 /* XCRemoteSwiftPackageReference "firebase-ios-sdk" */;
			productName = FirebaseAuth;
		};
		9B246DCF281EFB06002ACFC8 /* FirebaseCrashlytics */ = {
			isa = XCSwiftPackageProductDependency;
			package = 9B246DC5281EF8FF002ACFC8 /* XCRemoteSwiftPackageReference "firebase-ios-sdk" */;
			productName = FirebaseCrashlytics;
		};
		9B246DD1281EFB06002ACFC8 /* FirebaseDatabase */ = {
			isa = XCSwiftPackageProductDependency;
			package = 9B246DC5281EF8FF002ACFC8 /* XCRemoteSwiftPackageReference "firebase-ios-sdk" */;
			productName = FirebaseDatabase;
		};
		9B246DD3281EFB06002ACFC8 /* FirebaseFirestore */ = {
			isa = XCSwiftPackageProductDependency;
			package = 9B246DC5281EF8FF002ACFC8 /* XCRemoteSwiftPackageReference "firebase-ios-sdk" */;
			productName = FirebaseFirestore;
		};
		9B246DD5281EFB06002ACFC8 /* FirebaseFirestoreSwift-Beta */ = {
			isa = XCSwiftPackageProductDependency;
			package = 9B246DC5281EF8FF002ACFC8 /* XCRemoteSwiftPackageReference "firebase-ios-sdk" */;
			productName = "FirebaseFirestoreSwift-Beta";
		};
		9B246DD7281EFB06002ACFC8 /* FirebaseFunctions */ = {
			isa = XCSwiftPackageProductDependency;
			package = 9B246DC5281EF8FF002ACFC8 /* XCRemoteSwiftPackageReference "firebase-ios-sdk" */;
			productName = FirebaseFunctions;
		};
		9B246DD9281EFB06002ACFC8 /* FirebaseStorage */ = {
			isa = XCSwiftPackageProductDependency;
			package = 9B246DC5281EF8FF002ACFC8 /* XCRemoteSwiftPackageReference "firebase-ios-sdk" */;
			productName = FirebaseStorage;
		};
		9B246DDB281EFB06002ACFC8 /* FirebaseStorageSwift-Beta */ = {
			isa = XCSwiftPackageProductDependency;
			package = 9B246DC5281EF8FF002ACFC8 /* XCRemoteSwiftPackageReference "firebase-ios-sdk" */;
			productName = "FirebaseStorageSwift-Beta";
		};
		9B53E85628302C3F004F3FF0 /* SwiftyJSON */ = {
			isa = XCSwiftPackageProductDependency;
			package = 9B53E85528302C3F004F3FF0 /* XCRemoteSwiftPackageReference "SwiftyJSON" */;
			productName = SwiftyJSON;
		};
		9B54B44F282D9827009ECA2D /* Kingfisher */ = {
			isa = XCSwiftPackageProductDependency;
			package = 9B54B44E282D9827009ECA2D /* XCRemoteSwiftPackageReference "Kingfisher" */;
			productName = Kingfisher;
		};
		9B54B461282D9AF0009ECA2D /* Alamofire */ = {
			isa = XCSwiftPackageProductDependency;
			package = 9B54B460282D9AF0009ECA2D /* XCRemoteSwiftPackageReference "Alamofire" */;
			productName = Alamofire;
		};
		9BAE6CDA282ADFC800EFE385 /* StepperView */ = {
			isa = XCSwiftPackageProductDependency;
			package = 9BAE6CD9282ADFC800EFE385 /* XCRemoteSwiftPackageReference "StepperView" */;
			productName = StepperView;
		};
		9BD0AC022829C07500BDD06C /* SwiftUINavigationBarColor */ = {
			isa = XCSwiftPackageProductDependency;
			package = 9BD0AC012829C07500BDD06C /* XCRemoteSwiftPackageReference "SwiftUI-Navigation-Bar-Color" */;
			productName = SwiftUINavigationBarColor;
		};
/* End XCSwiftPackageProductDependency section */
	};
	rootObject = 9B246DAC281EF86A002ACFC8 /* Project object */;
}
